// !$*UTF8*$!
{
	archiveVersion = 1;
	classes = {
	};
	objectVersion = 55;
	objects = {

/* Begin PBXBuildFile section */
		4F28943D280847F800DA2BE5 /* SecondView.swift in Sources */ = {isa = PBXBuildFile; fileRef = 4F28943C280847F800DA2BE5 /* SecondView.swift */; };
		4F59B9EC2804592B00F63A45 /* TestUIApp.swift in Sources */ = {isa = PBXBuildFile; fileRef = 4F59B9EB2804592B00F63A45 /* TestUIApp.swift */; };
		4F59B9EE2804592B00F63A45 /* MainView.swift in Sources */ = {isa = PBXBuildFile; fileRef = 4F59B9ED2804592B00F63A45 /* MainView.swift */; };
		4F59B9F02804592D00F63A45 /* Assets.xcassets in Resources */ = {isa = PBXBuildFile; fileRef = 4F59B9EF2804592D00F63A45 /* Assets.xcassets */; };
		4F59B9F32804592D00F63A45 /* Preview Assets.xcassets in Resources */ = {isa = PBXBuildFile; fileRef = 4F59B9F22804592D00F63A45 /* Preview Assets.xcassets */; };
		4F59B9FD2804592D00F63A45 /* TestUITests.swift in Sources */ = {isa = PBXBuildFile; fileRef = 4F59B9FC2804592D00F63A45 /* TestUITests.swift */; };
		4F59BA072804592D00F63A45 /* TestUIUITests.swift in Sources */ = {isa = PBXBuildFile; fileRef = 4F59BA062804592D00F63A45 /* TestUIUITests.swift */; };
		4F59BA092804592D00F63A45 /* TestUIUITestsLaunchTests.swift in Sources */ = {isa = PBXBuildFile; fileRef = 4F59BA082804592D00F63A45 /* TestUIUITestsLaunchTests.swift */; };
/* End PBXBuildFile section */

/* Begin PBXContainerItemProxy section */
		4F59B9F92804592D00F63A45 /* PBXContainerItemProxy */ = {
			isa = PBXContainerItemProxy;
			containerPortal = 4F59B9E02804592B00F63A45 /* Project object */;
			proxyType = 1;
			remoteGlobalIDString = 4F59B9E72804592B00F63A45;
			remoteInfo = TestUI;
		};
		4F59BA032804592D00F63A45 /* PBXContainerItemProxy */ = {
			isa = PBXContainerItemProxy;
			containerPortal = 4F59B9E02804592B00F63A45 /* Project object */;
			proxyType = 1;
			remoteGlobalIDString = 4F59B9E72804592B00F63A45;
			remoteInfo = TestUI;
		};
/* End PBXContainerItemProxy section */

/* Begin PBXFileReference section */
		4F28943C280847F800DA2BE5 /* SecondView.swift */ = {isa = PBXFileReference; lastKnownFileType = sourcecode.swift; path = SecondView.swift; sourceTree = "<group>"; };
		4F59B9E82804592B00F63A45 /* TestUI.app */ = {isa = PBXFileReference; explicitFileType = wrapper.application; includeInIndex = 0; path = TestUI.app; sourceTree = BUILT_PRODUCTS_DIR; };
		4F59B9EB2804592B00F63A45 /* TestUIApp.swift */ = {isa = PBXFileReference; lastKnownFileType = sourcecode.swift; path = TestUIApp.swift; sourceTree = "<group>"; };
		4F59B9ED2804592B00F63A45 /* MainView.swift */ = {isa = PBXFileReference; lastKnownFileType = sourcecode.swift; path = MainView.swift; sourceTree = "<group>"; };
		4F59B9EF2804592D00F63A45 /* Assets.xcassets */ = {isa = PBXFileReference; lastKnownFileType = folder.assetcatalog; path = Assets.xcassets; sourceTree = "<group>"; };
		4F59B9F22804592D00F63A45 /* Preview Assets.xcassets */ = {isa = PBXFileReference; lastKnownFileType = folder.assetcatalog; path = "Preview Assets.xcassets"; sourceTree = "<group>"; };
		4F59B9F82804592D00F63A45 /* TestUITests.xctest */ = {isa = PBXFileReference; explicitFileType = wrapper.cfbundle; includeInIndex = 0; path = TestUITests.xctest; sourceTree = BUILT_PRODUCTS_DIR; };
		4F59B9FC2804592D00F63A45 /* TestUITests.swift */ = {isa = PBXFileReference; lastKnownFileType = sourcecode.swift; path = TestUITests.swift; sourceTree = "<group>"; };
		4F59BA022804592D00F63A45 /* TestUIUITests.xctest */ = {isa = PBXFileReference; explicitFileType = wrapper.cfbundle; includeInIndex = 0; path = TestUIUITests.xctest; sourceTree = BUILT_PRODUCTS_DIR; };
		4F59BA062804592D00F63A45 /* TestUIUITests.swift */ = {isa = PBXFileReference; lastKnownFileType = sourcecode.swift; path = TestUIUITests.swift; sourceTree = "<group>"; };
		4F59BA082804592D00F63A45 /* TestUIUITestsLaunchTests.swift */ = {isa = PBXFileReference; lastKnownFileType = sourcecode.swift; path = TestUIUITestsLaunchTests.swift; sourceTree = "<group>"; };
/* End PBXFileReference section */

/* Begin PBXFrameworksBuildPhase section */
		4F59B9E52804592B00F63A45 /* Frameworks */ = {
			isa = PBXFrameworksBuildPhase;
			buildActionMask = 2147483647;
			files = (
			);
			runOnlyForDeploymentPostprocessing = 0;
		};
		4F59B9F52804592D00F63A45 /* Frameworks */ = {
			isa = PBXFrameworksBuildPhase;
			buildActionMask = 2147483647;
			files = (
			);
			runOnlyForDeploymentPostprocessing = 0;
		};
		4F59B9FF2804592D00F63A45 /* Frameworks */ = {
			isa = PBXFrameworksBuildPhase;
			buildActionMask = 2147483647;
			files = (
			);
			runOnlyForDeploymentPostprocessing = 0;
		};
/* End PBXFrameworksBuildPhase section */

/* Begin PBXGroup section */
		4F59B9DF2804592B00F63A45 = {
			isa = PBXGroup;
			children = (
				4F59B9EA2804592B00F63A45 /* TestUI */,
				4F59B9FB2804592D00F63A45 /* TestUITests */,
				4F59BA052804592D00F63A45 /* TestUIUITests */,
				4F59B9E92804592B00F63A45 /* Products */,
			);
			sourceTree = "<group>";
		};
		4F59B9E92804592B00F63A45 /* Products */ = {
			isa = PBXGroup;
			children = (
				4F59B9E82804592B00F63A45 /* TestUI.app */,
				4F59B9F82804592D00F63A45 /* TestUITests.xctest */,
				4F59BA022804592D00F63A45 /* TestUIUITests.xctest */,
			);
			name = Products;
			sourceTree = "<group>";
		};
		4F59B9EA2804592B00F63A45 /* TestUI */ = {
			isa = PBXGroup;
			children = (
				4F59B9EB2804592B00F63A45 /* TestUIApp.swift */,
				4F59B9ED2804592B00F63A45 /* MainView.swift */,
				4F59B9EF2804592D00F63A45 /* Assets.xcassets */,
				4F59B9F12804592D00F63A45 /* Preview Content */,
				4F28943C280847F800DA2BE5 /* SecondView.swift */,
			);
			path = TestUI;
			sourceTree = "<group>";
		};
		4F59B9F12804592D00F63A45 /* Preview Content */ = {
			isa = PBXGroup;
			children = (
				4F59B9F22804592D00F63A45 /* Preview Assets.xcassets */,
			);
			path = "Preview Content";
			sourceTree = "<group>";
		};
		4F59B9FB2804592D00F63A45 /* TestUITests */ = {
			isa = PBXGroup;
			children = (
				4F59B9FC2804592D00F63A45 /* TestUITests.swift */,
			);
			path = TestUITests;
			sourceTree = "<group>";
		};
		4F59BA052804592D00F63A45 /* TestUIUITests */ = {
			isa = PBXGroup;
			children = (
				4F59BA062804592D00F63A45 /* TestUIUITests.swift */,
				4F59BA082804592D00F63A45 /* TestUIUITestsLaunchTests.swift */,
			);
			path = TestUIUITests;
			sourceTree = "<group>";
		};
/* End PBXGroup section */

/* Begin PBXNativeTarget section */
		4F59B9E72804592B00F63A45 /* TestUI */ = {
			isa = PBXNativeTarget;
			buildConfigurationList = 4F59BA0C2804592D00F63A45 /* Build configuration list for PBXNativeTarget "TestUI" */;
			buildPhases = (
				4F59B9E42804592B00F63A45 /* Sources */,
				4F59B9E52804592B00F63A45 /* Frameworks */,
				4F59B9E62804592B00F63A45 /* Resources */,
			);
			buildRules = (
			);
			dependencies = (
			);
			name = TestUI;
			productName = TestUI;
			productReference = 4F59B9E82804592B00F63A45 /* TestUI.app */;
			productType = "com.apple.product-type.application";
		};
		4F59B9F72804592D00F63A45 /* TestUITests */ = {
			isa = PBXNativeTarget;
			buildConfigurationList = 4F59BA0F2804592D00F63A45 /* Build configuration list for PBXNativeTarget "TestUITests" */;
			buildPhases = (
				4F59B9F42804592D00F63A45 /* Sources */,
				4F59B9F52804592D00F63A45 /* Frameworks */,
				4F59B9F62804592D00F63A45 /* Resources */,
			);
			buildRules = (
			);
			dependencies = (
				4F59B9FA2804592D00F63A45 /* PBXTargetDependency */,
			);
			name = TestUITests;
			productName = TestUITests;
			productReference = 4F59B9F82804592D00F63A45 /* TestUITests.xctest */;
			productType = "com.apple.product-type.bundle.unit-test";
		};
		4F59BA012804592D00F63A45 /* TestUIUITests */ = {
			isa = PBXNativeTarget;
			buildConfigurationList = 4F59BA122804592D00F63A45 /* Build configuration list for PBXNativeTarget "TestUIUITests" */;
			buildPhases = (
				4F59B9FE2804592D00F63A45 /* Sources */,
				4F59B9FF2804592D00F63A45 /* Frameworks */,
				4F59BA002804592D00F63A45 /* Resources */,
			);
			buildRules = (
			);
			dependencies = (
				4F59BA042804592D00F63A45 /* PBXTargetDependency */,
			);
			name = TestUIUITests;
			productName = TestUIUITests;
			productReference = 4F59BA022804592D00F63A45 /* TestUIUITests.xctest */;
			productType = "com.apple.product-type.bundle.ui-testing";
		};
/* End PBXNativeTarget section */

/* Begin PBXProject section */
		4F59B9E02804592B00F63A45 /* Project object */ = {
			isa = PBXProject;
			attributes = {
				BuildIndependentTargetsInParallel = 1;
				LastSwiftUpdateCheck = 1330;
				LastUpgradeCheck = 1330;
				TargetAttributes = {
					4F59B9E72804592B00F63A45 = {
						CreatedOnToolsVersion = 13.3;
					};
					4F59B9F72804592D00F63A45 = {
						CreatedOnToolsVersion = 13.3;
						TestTargetID = 4F59B9E72804592B00F63A45;
					};
					4F59BA012804592D00F63A45 = {
						CreatedOnToolsVersion = 13.3;
						TestTargetID = 4F59B9E72804592B00F63A45;
					};
				};
			};
			buildConfigurationList = 4F59B9E32804592B00F63A45 /* Build configuration list for PBXProject "TestUI" */;
			compatibilityVersion = "Xcode 13.0";
			developmentRegion = en;
			hasScannedForEncodings = 0;
			knownRegions = (
				en,
				Base,
			);
			mainGroup = 4F59B9DF2804592B00F63A45;
			productRefGroup = 4F59B9E92804592B00F63A45 /* Products */;
			projectDirPath = "";
			projectRoot = "";
			targets = (
				4F59B9E72804592B00F63A45 /* TestUI */,
				4F59B9F72804592D00F63A45 /* TestUITests */,
				4F59BA012804592D00F63A45 /* TestUIUITests */,
			);
		};
/* End PBXProject section */

/* Begin PBXResourcesBuildPhase section */
		4F59B9E62804592B00F63A45 /* Resources */ = {
			isa = PBXResourcesBuildPhase;
			buildActionMask = 2147483647;
			files = (
				4F59B9F32804592D00F63A45 /* Preview Assets.xcassets in Resources */,
				4F59B9F02804592D00F63A45 /* Assets.xcassets in Resources */,
			);
			runOnlyForDeploymentPostprocessing = 0;
		};
		4F59B9F62804592D00F63A45 /* Resources */ = {
			isa = PBXResourcesBuildPhase;
			buildActionMask = 2147483647;
			files = (
			);
			runOnlyForDeploymentPostprocessing = 0;
		};
		4F59BA002804592D00F63A45 /* Resources */ = {
			isa = PBXResourcesBuildPhase;
			buildActionMask = 2147483647;
			files = (
			);
			runOnlyForDeploymentPostprocessing = 0;
		};
/* End PBXResourcesBuildPhase section */

/* Begin PBXSourcesBuildPhase section */
		4F59B9E42804592B00F63A45 /* Sources */ = {
			isa = PBXSourcesBuildPhase;
			buildActionMask = 2147483647;
			files = (
				4F28943D280847F800DA2BE5 /* SecondView.swift in Sources */,
				4F59B9EE2804592B00F63A45 /* MainView.swift in Sources */,
				4F59B9EC2804592B00F63A45 /* TestUIApp.swift in Sources */,
			);
			runOnlyForDeploymentPostprocessing = 0;
		};
		4F59B9F42804592D00F63A45 /* Sources */ = {
			isa = PBXSourcesBuildPhase;
			buildActionMask = 2147483647;
			files = (
				4F59B9FD2804592D00F63A45 /* TestUITests.swift in Sources */,
			);
			runOnlyForDeploymentPostprocessing = 0;
		};
		4F59B9FE2804592D00F63A45 /* Sources */ = {
			isa = PBXSourcesBuildPhase;
			buildActionMask = 2147483647;
			files = (
				4F59BA092804592D00F63A45 /* TestUIUITestsLaunchTests.swift in Sources */,
				4F59BA072804592D00F63A45 /* TestUIUITests.swift in Sources */,
			);
			runOnlyForDeploymentPostprocessing = 0;
		};
/* End PBXSourcesBuildPhase section */

/* Begin PBXTargetDependency section */
		4F59B9FA2804592D00F63A45 /* PBXTargetDependency */ = {
			isa = PBXTargetDependency;
			target = 4F59B9E72804592B00F63A45 /* TestUI */;
			targetProxy = 4F59B9F92804592D00F63A45 /* PBXContainerItemProxy */;
		};
		4F59BA042804592D00F63A45 /* PBXTargetDependency */ = {
			isa = PBXTargetDependency;
			target = 4F59B9E72804592B00F63A45 /* TestUI */;
			targetProxy = 4F59BA032804592D00F63A45 /* PBXContainerItemProxy */;
		};
/* End PBXTargetDependency section */

/* Begin XCBuildConfiguration section */
		4F59BA0A2804592D00F63A45 /* Debug */ = {
			isa = XCBuildConfiguration;
			buildSettings = {
				ALWAYS_SEARCH_USER_PATHS = NO;
				CLANG_ANALYZER_NONNULL = YES;
				CLANG_ANALYZER_NUMBER_OBJECT_CONVERSION = YES_AGGRESSIVE;
				CLANG_CXX_LANGUAGE_STANDARD = "gnu++17";
				CLANG_ENABLE_MODULES = YES;
				CLANG_ENABLE_OBJC_ARC = YES;
				CLANG_ENABLE_OBJC_WEAK = YES;
				CLANG_WARN_BLOCK_CAPTURE_AUTORELEASING = YES;
				CLANG_WARN_BOOL_CONVERSION = YES;
				CLANG_WARN_COMMA = YES;
				CLANG_WARN_CONSTANT_CONVERSION = YES;
				CLANG_WARN_DEPRECATED_OBJC_IMPLEMENTATIONS = YES;
				CLANG_WARN_DIRECT_OBJC_ISA_USAGE = YES_ERROR;
				CLANG_WARN_DOCUMENTATION_COMMENTS = YES;
				CLANG_WARN_EMPTY_BODY = YES;
				CLANG_WARN_ENUM_CONVERSION = YES;
				CLANG_WARN_INFINITE_RECURSION = YES;
				CLANG_WARN_INT_CONVERSION = YES;
				CLANG_WARN_NON_LITERAL_NULL_CONVERSION = YES;
				CLANG_WARN_OBJC_IMPLICIT_RETAIN_SELF = YES;
				CLANG_WARN_OBJC_LITERAL_CONVERSION = YES;
				CLANG_WARN_OBJC_ROOT_CLASS = YES_ERROR;
				CLANG_WARN_QUOTED_INCLUDE_IN_FRAMEWORK_HEADER = YES;
				CLANG_WARN_RANGE_LOOP_ANALYSIS = YES;
				CLANG_WARN_STRICT_PROTOTYPES = YES;
				CLANG_WARN_SUSPICIOUS_MOVE = YES;
				CLANG_WARN_UNGUARDED_AVAILABILITY = YES_AGGRESSIVE;
				CLANG_WARN_UNREACHABLE_CODE = YES;
				CLANG_WARN__DUPLICATE_METHOD_MATCH = YES;
				COPY_PHASE_STRIP = NO;
				DEBUG_INFORMATION_FORMAT = dwarf;
				ENABLE_STRICT_OBJC_MSGSEND = YES;
				ENABLE_TESTABILITY = YES;
				GCC_C_LANGUAGE_STANDARD = gnu11;
				GCC_DYNAMIC_NO_PIC = NO;
				GCC_NO_COMMON_BLOCKS = YES;
				GCC_OPTIMIZATION_LEVEL = 0;
				GCC_PREPROCESSOR_DEFINITIONS = (
					"DEBUG=1",
					"$(inherited)",
				);
				GCC_WARN_64_TO_32_BIT_CONVERSION = YES;
				GCC_WARN_ABOUT_RETURN_TYPE = YES_ERROR;
				GCC_WARN_UNDECLARED_SELECTOR = YES;
				GCC_WARN_UNINITIALIZED_AUTOS = YES_AGGRESSIVE;
				GCC_WARN_UNUSED_FUNCTION = YES;
				GCC_WARN_UNUSED_VARIABLE = YES;
				IPHONEOS_DEPLOYMENT_TARGET = 15.4;
				MTL_ENABLE_DEBUG_INFO = INCLUDE_SOURCE;
				MTL_FAST_MATH = YES;
				ONLY_ACTIVE_ARCH = YES;
				SDKROOT = iphoneos;
				SWIFT_ACTIVE_COMPILATION_CONDITIONS = DEBUG;
				SWIFT_OPTIMIZATION_LEVEL = "-Onone";
			};
			name = Debug;
		};
		4F59BA0B2804592D00F63A45 /* Release */ = {
			isa = XCBuildConfiguration;
			buildSettings = {
				ALWAYS_SEARCH_USER_PATHS = NO;
				CLANG_ANALYZER_NONNULL = YES;
				CLANG_ANALYZER_NUMBER_OBJECT_CONVERSION = YES_AGGRESSIVE;
				CLANG_CXX_LANGUAGE_STANDARD = "gnu++17";
				CLANG_ENABLE_MODULES = YES;
				CLANG_ENABLE_OBJC_ARC = YES;
				CLANG_ENABLE_OBJC_WEAK = YES;
				CLANG_WARN_BLOCK_CAPTURE_AUTORELEASING = YES;
				CLANG_WARN_BOOL_CONVERSION = YES;
				CLANG_WARN_COMMA = YES;
				CLANG_WARN_CONSTANT_CONVERSION = YES;
				CLANG_WARN_DEPRECATED_OBJC_IMPLEMENTATIONS = YES;
				CLANG_WARN_DIRECT_OBJC_ISA_USAGE = YES_ERROR;
				CLANG_WARN_DOCUMENTATION_COMMENTS = YES;
				CLANG_WARN_EMPTY_BODY = YES;
				CLANG_WARN_ENUM_CONVERSION = YES;
				CLANG_WARN_INFINITE_RECURSION = YES;
				CLANG_WARN_INT_CONVERSION = YES;
				CLANG_WARN_NON_LITERAL_NULL_CONVERSION = YES;
				CLANG_WARN_OBJC_IMPLICIT_RETAIN_SELF = YES;
				CLANG_WARN_OBJC_LITERAL_CONVERSION = YES;
				CLANG_WARN_OBJC_ROOT_CLASS = YES_ERROR;
				CLANG_WARN_QUOTED_INCLUDE_IN_FRAMEWORK_HEADER = YES;
				CLANG_WARN_RANGE_LOOP_ANALYSIS = YES;
				CLANG_WARN_STRICT_PROTOTYPES = YES;
				CLANG_WARN_SUSPICIOUS_MOVE = YES;
				CLANG_WARN_UNGUARDED_AVAILABILITY = YES_AGGRESSIVE;
				CLANG_WARN_UNREACHABLE_CODE = YES;
				CLANG_WARN__DUPLICATE_METHOD_MATCH = YES;
				COPY_PHASE_STRIP = NO;
				DEBUG_INFORMATION_FORMAT = "dwarf-with-dsym";
				ENABLE_NS_ASSERTIONS = NO;
				ENABLE_STRICT_OBJC_MSGSEND = YES;
				GCC_C_LANGUAGE_STANDARD = gnu11;
				GCC_NO_COMMON_BLOCKS = YES;
				GCC_WARN_64_TO_32_BIT_CONVERSION = YES;
				GCC_WARN_ABOUT_RETURN_TYPE = YES_ERROR;
				GCC_WARN_UNDECLARED_SELECTOR = YES;
				GCC_WARN_UNINITIALIZED_AUTOS = YES_AGGRESSIVE;
				GCC_WARN_UNUSED_FUNCTION = YES;
				GCC_WARN_UNUSED_VARIABLE = YES;
				IPHONEOS_DEPLOYMENT_TARGET = 15.4;
				MTL_ENABLE_DEBUG_INFO = NO;
				MTL_FAST_MATH = YES;
				SDKROOT = iphoneos;
				SWIFT_COMPILATION_MODE = wholemodule;
				SWIFT_OPTIMIZATION_LEVEL = "-O";
				VALIDATE_PRODUCT = YES;
			};
			name = Release;
		};
		4F59BA0D2804592D00F63A45 /* Debug */ = {
			isa = XCBuildConfiguration;
			buildSettings = {
				ASSETCATALOG_COMPILER_APPICON_NAME = AppIcon;
				ASSETCATALOG_COMPILER_GLOBAL_ACCENT_COLOR_NAME = AccentColor;
				CODE_SIGN_STYLE = Automatic;
				CURRENT_PROJECT_VERSION = 1;
				DEVELOPMENT_ASSET_PATHS = "\"TestUI/Preview Content\"";
				ENABLE_PREVIEWS = YES;
				GENERATE_INFOPLIST_FILE = YES;
				INFOPLIST_KEY_UIApplicationSceneManifest_Generation = YES;
				INFOPLIST_KEY_UIApplicationSupportsIndirectInputEvents = YES;
				INFOPLIST_KEY_UILaunchScreen_Generation = YES;
				INFOPLIST_KEY_UISupportedInterfaceOrientations_iPad = "UIInterfaceOrientationPortrait UIInterfaceOrientationPortraitUpsideDown UIInterfaceOrientationLandscapeLeft UIInterfaceOrientationLandscapeRight";
				INFOPLIST_KEY_UISupportedInterfaceOrientations_iPhone = "UIInterfaceOrientationPortrait UIInterfaceOrientationLandscapeLeft UIInterfaceOrientationLandscapeRight";
				LD_RUNPATH_SEARCH_PATHS = (
					"$(inherited)",
					"@executable_path/Frameworks",
				);
				MARKETING_VERSION = 1.0;
				PRODUCT_BUNDLE_IDENTIFIER = none.TestUI;
				PRODUCT_NAME = "$(TARGET_NAME)";
				SWIFT_EMIT_LOC_STRINGS = YES;
				SWIFT_VERSION = 5.0;
				TARGETED_DEVICE_FAMILY = "1,2";
			};
			name = Debug;
		};
		4F59BA0E2804592D00F63A45 /* Release */ = {
			isa = XCBuildConfiguration;
			buildSettings = {
				ASSETCATALOG_COMPILER_APPICON_NAME = AppIcon;
				ASSETCATALOG_COMPILER_GLOBAL_ACCENT_COLOR_NAME = AccentColor;
				CODE_SIGN_STYLE = Automatic;
				CURRENT_PROJECT_VERSION = 1;
				DEVELOPMENT_ASSET_PATHS = "\"TestUI/Preview Content\"";
				ENABLE_PREVIEWS = YES;
				GENERATE_INFOPLIST_FILE = YES;
				INFOPLIST_KEY_UIApplicationSceneManifest_Generation = YES;
				INFOPLIST_KEY_UIApplicationSupportsIndirectInputEvents = YES;
				INFOPLIST_KEY_UILaunchScreen_Generation = YES;
				INFOPLIST_KEY_UISupportedInterfaceOrientations_iPad = "UIInterfaceOrientationPortrait UIInterfaceOrientationPortraitUpsideDown UIInterfaceOrientationLandscapeLeft UIInterfaceOrientationLandscapeRight";
				INFOPLIST_KEY_UISupportedInterfaceOrientations_iPhone = "UIInterfaceOrientationPortrait UIInterfaceOrientationLandscapeLeft UIInterfaceOrientationLandscapeRight";
				LD_RUNPATH_SEARCH_PATHS = (
					"$(inherited)",
					"@executable_path/Frameworks",
				);
				MARKETING_VERSION = 1.0;
				PRODUCT_BUNDLE_IDENTIFIER = none.TestUI;
				PRODUCT_NAME = "$(TARGET_NAME)";
				SWIFT_EMIT_LOC_STRINGS = YES;
				SWIFT_VERSION = 5.0;
				TARGETED_DEVICE_FAMILY = "1,2";
			};
			name = Release;
		};
		4F59BA102804592D00F63A45 /* Debug */ = {
			isa = XCBuildConfiguration;
			buildSettings = {
				ALWAYS_EMBED_SWIFT_STANDARD_LIBRARIES = YES;
				BUNDLE_LOADER = "$(TEST_HOST)";
				CODE_SIGN_STYLE = Automatic;
				CURRENT_PROJECT_VERSION = 1;
				GENERATE_INFOPLIST_FILE = YES;
				IPHONEOS_DEPLOYMENT_TARGET = 15.4;
				MARKETING_VERSION = 1.0;
				PRODUCT_BUNDLE_IDENTIFIER = none.TestUITests;
				PRODUCT_NAME = "$(TARGET_NAME)";
				SWIFT_EMIT_LOC_STRINGS = NO;
				SWIFT_VERSION = 5.0;
				TARGETED_DEVICE_FAMILY = "1,2";
				TEST_HOST = "$(BUILT_PRODUCTS_DIR)/TestUI.app/TestUI";
			};
			name = Debug;
		};
		4F59BA112804592D00F63A45 /* Release */ = {
			isa = XCBuildConfiguration;
			buildSettings = {
				ALWAYS_EMBED_SWIFT_STANDARD_LIBRARIES = YES;
				BUNDLE_LOADER = "$(TEST_HOST)";
				CODE_SIGN_STYLE = Automatic;
				CURRENT_PROJECT_VERSION = 1;
				GENERATE_INFOPLIST_FILE = YES;
				IPHONEOS_DEPLOYMENT_TARGET = 15.4;
				MARKETING_VERSION = 1.0;
				PRODUCT_BUNDLE_IDENTIFIER = none.TestUITests;
				PRODUCT_NAME = "$(TARGET_NAME)";
				SWIFT_EMIT_LOC_STRINGS = NO;
				SWIFT_VERSION = 5.0;
				TARGETED_DEVICE_FAMILY = "1,2";
				TEST_HOST = "$(BUILT_PRODUCTS_DIR)/TestUI.app/TestUI";
			};
			name = Release;
		};
		4F59BA132804592D00F63A45 /* Debug */ = {
			isa = XCBuildConfiguration;
			buildSettings = {
				ALWAYS_EMBED_SWIFT_STANDARD_LIBRARIES = YES;
				CODE_SIGN_STYLE = Automatic;
				CURRENT_PROJECT_VERSION = 1;
				GENERATE_INFOPLIST_FILE = YES;
				MARKETING_VERSION = 1.0;
				PRODUCT_BUNDLE_IDENTIFIER = none.TestUIUITests;
				PRODUCT_NAME = "$(TARGET_NAME)";
				SWIFT_EMIT_LOC_STRINGS = NO;
				SWIFT_VERSION = 5.0;
				TARGETED_DEVICE_FAMILY = "1,2";
				TEST_TARGET_NAME = TestUI;
			};
			name = Debug;
		};
		4F59BA142804592D00F63A45 /* Release */ = {
			isa = XCBuildConfiguration;
			buildSettings = {
				ALWAYS_EMBED_SWIFT_STANDARD_LIBRARIES = YES;
				CODE_SIGN_STYLE = Automatic;
				CURRENT_PROJECT_VERSION = 1;
				GENERATE_INFOPLIST_FILE = YES;
				MARKETING_VERSION = 1.0;
				PRODUCT_BUNDLE_IDENTIFIER = none.TestUIUITests;
				PRODUCT_NAME = "$(TARGET_NAME)";
				SWIFT_EMIT_LOC_STRINGS = NO;
				SWIFT_VERSION = 5.0;
				TARGETED_DEVICE_FAMILY = "1,2";
				TEST_TARGET_NAME = TestUI;
			};
			name = Release;
		};
/* End XCBuildConfiguration section */

/* Begin XCConfigurationList section */
		4F59B9E32804592B00F63A45 /* Build configuration list for PBXProject "TestUI" */ = {
			isa = XCConfigurationList;
			buildConfigurations = (
				4F59BA0A2804592D00F63A45 /* Debug */,
				4F59BA0B2804592D00F63A45 /* Release */,
			);
			defaultConfigurationIsVisible = 0;
			defaultConfigurationName = Release;
		};
		4F59BA0C2804592D00F63A45 /* Build configuration list for PBXNativeTarget "TestUI" */ = {
			isa = XCConfigurationList;
			buildConfigurations = (
				4F59BA0D2804592D00F63A45 /* Debug */,
				4F59BA0E2804592D00F63A45 /* Release */,
			);
			defaultConfigurationIsVisible = 0;
			defaultConfigurationName = Release;
		};
		4F59BA0F2804592D00F63A45 /* Build configuration list for PBXNativeTarget "TestUITests" */ = {
			isa = XCConfigurationList;
			buildConfigurations = (
				4F59BA102804592D00F63A45 /* Debug */,
				4F59BA112804592D00F63A45 /* Release */,
			);
			defaultConfigurationIsVisible = 0;
			defaultConfigurationName = Release;
		};
		4F59BA122804592D00F63A45 /* Build configuration list for PBXNativeTarget "TestUIUITests" */ = {
			isa = XCConfigurationList;
			buildConfigurations = (
				4F59BA132804592D00F63A45 /* Debug */,
				4F59BA142804592D00F63A45 /* Release */,
			);
			defaultConfigurationIsVisible = 0;
			defaultConfigurationName = Release;
		};
/* End XCConfigurationList section */
	};
	rootObject = 4F59B9E02804592B00F63A45 /* Project object */;
}
